
Microsoft Visual Studio Solution File, Format Version 12.00
# Visual Studio Version 16
VisualStudioVersion = 16.0.29411.108
MinimumVisualStudioVersion = 10.0.40219.1
Project("{9A19103F-16F7-4668-BE54-9A1E7A4F7556}") = "SaleManagerWeb", "SaleManagerWeb\SaleManagerWeb.csproj", "{BC621E0F-3329-4312-9B73-C4FF40395546}"
EndProject
Project("{9A19103F-16F7-4668-BE54-9A1E7A4F7556}") = "DAL", "DAL\DAL.csproj", "{0F81CED4-C2C8-4442-8256-A265F9D7BDE9}"
EndProject
Global
	GlobalSection(SolutionConfigurationPlatforms) = preSolution
		Debug|Any CPU = Debug|Any CPU
		Release|Any CPU = Release|Any CPU
	EndGlobalSection
	GlobalSection(ProjectConfigurationPlatforms) = postSolution
		{BC621E0F-3329-4312-9B73-C4FF40395546}.Debug|Any CPU.ActiveCfg = Debug|Any CPU
		{BC621E0F-3329-4312-9B73-C4FF40395546}.Debug|Any CPU.Build.0 = Debug|Any CPU
		{BC621E0F-3329-4312-9B73-C4FF40395546}.Release|Any CPU.ActiveCfg = Release|Any CPU
		{BC621E0F-3329-4312-9B73-C4FF40395546}.Release|Any CPU.Build.0 = Release|Any CPU
		{0F81CED4-C2C8-4442-8256-A265F9D7BDE9}.Debug|Any CPU.ActiveCfg = Debug|Any CPU
		{0F81CED4-C2C8-4442-8256-A265F9D7BDE9}.Debug|Any CPU.Build.0 = Debug|Any CPU
		{0F81CED4-C2C8-4442-8256-A265F9D7BDE9}.Release|Any CPU.ActiveCfg = Release|Any CPU
		{0F81CED4-C2C8-4442-8256-A265F9D7BDE9}.Release|Any CPU.Build.0 = Release|Any CPU
	EndGlobalSection
	GlobalSection(SolutionProperties) = preSolution
		HideSolutionNode = FALSE
	EndGlobalSection
	GlobalSection(ExtensibilityGlobals) = postSolution
		SolutionGuid = {706099B3-6742-41A1-A06D-46AEB94E04D4}
	EndGlobalSection
EndGlobal
